// !$*UTF8*$!
{
	archiveVersion = 1;
	classes = {
	};
	objectVersion = 110;
	objects = {

/* Begin PBXContainerItemProxy section */
		A1FC64AC301F94D400D96FAB /* PBXContainerItemProxy */ = {
			isa = PBXContainerItemProxy;
			containerPortal = A1FC6492301F94D300D96FAB /* Project object */;
			proxyType = 1;
			remoteGlobalIDString = A1FC6499301F94D300D96FAB;
			remoteInfo = "vibe game";
		};
		A1FC64B6301F94D400D96FAB /* PBXContainerItemProxy */ = {
			isa = PBXContainerItemProxy;
			containerPortal = A1FC6492301F94D300D96FAB /* Project object */;
			proxyType = 1;
			remoteGlobalIDString = A1FC6499301F94D300D96FAB;
			remoteInfo = "vibe game";
		};
/* End PBXContainerItemProxy section */

/* Begin PBXFileReference section */
		A1FC649A301F94D300D96FAB /* Orbitor.app */ = {isa = PBXFileReference; explicitFileType = wrapper.application; includeInIndex = 0; path = Orbitor.app; sourceTree = BUILT_PRODUCTS_DIR; };
		A1FC64AB301F94D400D96FAB /* vibe gameTests.xctest */ = {isa = PBXFileReference; explicitFileType = wrapper.cfbundle; includeInIndex = 0; path = "vibe gameTests.xctest"; sourceTree = BUILT_PRODUCTS_DIR; };
		A1FC64B5301F94D400D96FAB /* vibe gameUITests.xctest */ = {isa = PBXFileReference; explicitFileType = wrapper.cfbundle; includeInIndex = 0; path = "vibe gameUITests.xctest"; sourceTree = BUILT_PRODUCTS_DIR; };
/* End PBXFileReference section */

/* Begin PBXFileSystemSynchronizedBuildFileExceptionSet section */
		A1FC64BB301F94D400D96FAB /* Exceptions for "vibe game" folder in "vibe game" target */ = {
			isa = PBXFileSystemSynchronizedBuildFileExceptionSet;
			membershipExceptions = (
				Info.plist,
			);
			target = A1FC6499301F94D300D96FAB /* vibe game */;
		};
/* End PBXFileSystemSynchronizedBuildFileExceptionSet section */

/* Begin PBXFileSystemSynchronizedRootGroup section */
		A1FC649C301F94D300D96FAB /* vibe game */ = {
			isa = PBXFileSystemSynchronizedRootGroup;
			exceptions = (
				A1FC64BB301F94D400D96FAB /* Exceptions for "vibe game" folder in "vibe game" target */,
			);
			path = "vibe game";
			sourceTree = "<group>";
		};
		A1FC64AE301F94D400D96FAB /* vibe gameTests */ = {
			isa = PBXFileSystemSynchronizedRootGroup;
			path = "vibe gameTests";
			sourceTree = "<group>";
		};
		A1FC64B8301F94D400D96FAB /* vibe gameUITests */ = {
			isa = PBXFileSystemSynchronizedRootGroup;
			path = "vibe gameUITests";
			sourceTree = "<group>";
		};
/* End PBXFileSystemSynchronizedRootGroup section */

/* Begin PBXFrameworksBuildPhase section */
		A1FC6497301F94D300D96FAB /* Frameworks */ = {
			isa = PBXFrameworksBuildPhase;
			files = (
			);
		};
		A1FC64A8301F94D400D96FAB /* Frameworks */ = {
			isa = PBXFrameworksBuildPhase;
			files = (
			);
		};
		A1FC64B2301F94D400D96FAB /* Frameworks */ = {
			isa = PBXFrameworksBuildPhase;
			files = (
			);
		};
/* End PBXFrameworksBuildPhase section */

/* Begin PBXGroup section */
		A1FC6491301F94D300D96FAB = {
			isa = PBXGroup;
			children = (
				A1FC649C301F94D300D96FAB /* vibe game */,
				A1FC64AE301F94D400D96FAB /* vibe gameTests */,
				A1FC64B8301F94D400D96FAB /* vibe gameUITests */,
				A1FC649B301F94D300D96FAB /* Products */,
			);
			sourceTree = "<group>";
		};
		A1FC649B301F94D300D96FAB /* Products */ = {
			isa = PBXGroup;
			children = (
				A1FC649A301F94D300D96FAB /* Orbitor.app */,
				A1FC64AB301F94D400D96FAB /* vibe gameTests.xctest */,
				A1FC64B5301F94D400D96FAB /* vibe gameUITests.xctest */,
			);
			name = Products;
			sourceTree = "<group>";
		};
/* End PBXGroup section */

/* Begin PBXNativeTarget section */
		A1FC6499301F94D300D96FAB /* vibe game */ = {
			isa = PBXNativeTarget;
			buildConfigurationList = A1FC64BC301F94D400D96FAB /* Build configuration list for PBXNativeTarget "vibe game" */;
			buildPhases = (
				A1FC6496301F94D300D96FAB /* Sources */,
				A1FC6497301F94D300D96FAB /* Frameworks */,
				A1FC6498301F94D300D96FAB /* Resources */,
			);
			buildRules = (
			);
			fileSystemSynchronizedGroups = (
				A1FC649C301F94D300D96FAB /* vibe game */,
			);
			name = "vibe game";
			productName = "vibe game";
			productReference = A1FC649A301F94D300D96FAB /* Orbitor.app */;
			productType = "com.apple.product-type.application";
		};
		A1FC64AA301F94D400D96FAB /* vibe gameTests */ = {
			isa = PBXNativeTarget;
			buildConfigurationList = A1FC64C1301F94D400D96FAB /* Build configuration list for PBXNativeTarget "vibe gameTests" */;
			buildPhases = (
				A1FC64A7301F94D400D96FAB /* Sources */,
				A1FC64A8301F94D400D96FAB /* Frameworks */,
				A1FC64A9301F94D400D96FAB /* Resources */,
			);
			buildRules = (
			);
			dependencies = (
				A1FC64AD301F94D400D96FAB /* PBXTargetDependency */,
			);
			fileSystemSynchronizedGroups = (
				A1FC64AE301F94D400D96FAB /* vibe gameTests */,
			);
			name = "vibe gameTests";
			productName = "vibe gameTests";
			productReference = A1FC64AB301F94D400D96FAB /* vibe gameTests.xctest */;
			productType = "com.apple.product-type.bundle.unit-test";
		};
		A1FC64B4301F94D400D96FAB /* vibe gameUITests */ = {
			isa = PBXNativeTarget;
			buildConfigurationList = A1FC64C4301F94D400D96FAB /* Build configuration list for PBXNativeTarget "vibe gameUITests" */;
			buildPhases = (
				A1FC64B1301F94D400D96FAB /* Sources */,
				A1FC64B2301F94D400D96FAB /* Frameworks */,
				A1FC64B3301F94D400D96FAB /* Resources */,
			);
			buildRules = (
			);
			dependencies = (
				A1FC64B7301F94D400D96FAB /* PBXTargetDependency */,
			);
			fileSystemSynchronizedGroups = (
				A1FC64B8301F94D400D96FAB /* vibe gameUITests */,
			);
			name = "vibe gameUITests";
			productName = "vibe gameUITests";
			productReference = A1FC64B5301F94D400D96FAB /* vibe gameUITests.xctest */;
			productType = "com.apple.product-type.bundle.ui-testing";
		};
/* End PBXNativeTarget section */

/* Begin PBXProject section */
		A1FC6492301F94D300D96FAB /* Project object */ = {
			isa = PBXProject;
			attributes = {
				BuildIndependentTargetsInParallel = 1;
				LastSwiftUpdateCheck = 2700;
				LastUpgradeCheck = 2700;
				TargetAttributes = {
					A1FC6499301F94D300D96FAB = {
						CreatedOnToolsVersion = 27.0;
					};
					A1FC64AA301F94D400D96FAB = {
						CreatedOnToolsVersion = 27.0;
						TestTargetID = A1FC6499301F94D300D96FAB;
					};
					A1FC64B4301F94D400D96FAB = {
						CreatedOnToolsVersion = 27.0;
						TestTargetID = A1FC6499301F94D300D96FAB;
					};
				};
			};
			buildConfigurationList = A1FC6495301F94D300D96FAB /* Build configuration list for PBXProject "vibe game" */;
			developmentRegion = en;
			hasScannedForEncodings = 0;
			knownRegions = (
				en,
				Base,
			);
			mainGroup = A1FC6491301F94D300D96FAB;
			minimizedProjectReferenceProxies = 1;
			preferredProjectObjectVersion = 77;
			productRefGroup = A1FC649B301F94D300D96FAB /* Products */;
			projectDirPath = "";
			projectRoot = "";
			targets = (
				A1FC6499301F94D300D96FAB /* vibe game */,
				A1FC64AA301F94D400D96FAB /* vibe gameTests */,
				A1FC64B4301F94D400D96FAB /* vibe gameUITests */,
			);
		};
/* End PBXProject section */

/* Begin PBXResourcesBuildPhase section */
		A1FC6498301F94D300D96FAB /* Resources */ = {
			isa = PBXResourcesBuildPhase;
			files = (
			);
		};
		A1FC64A9301F94D400D96FAB /* Resources */ = {
			isa = PBXResourcesBuildPhase;
			files = (
			);
		};
		A1FC64B3301F94D400D96FAB /* Resources */ = {
			isa = PBXResourcesBuildPhase;
			files = (
			);
		};
/* End PBXResourcesBuildPhase section */

/* Begin PBXSourcesBuildPhase section */
		A1FC6496301F94D300D96FAB /* Sources */ = {
			isa = PBXSourcesBuildPhase;
			files = (
			);
		};
		A1FC64A7301F94D400D96FAB /* Sources */ = {
			isa = PBXSourcesBuildPhase;
			files = (
			);
		};
		A1FC64B1301F94D400D96FAB /* Sources */ = {
			isa = PBXSourcesBuildPhase;
			files = (
			);
		};
/* End PBXSourcesBuildPhase section */

/* Begin PBXTargetDependency section */
		A1FC64AD301F94D400D96FAB /* PBXTargetDependency */ = {
			isa = PBXTargetDependency;
			target = A1FC6499301F94D300D96FAB /* vibe game */;
			targetProxy = A1FC64AC301F94D400D96FAB /* PBXContainerItemProxy */;
		};
		A1FC64B7301F94D400D96FAB /* PBXTargetDependency */ = {
			isa = PBXTargetDependency;
			target = A1FC6499301F94D300D96FAB /* vibe game */;
			targetProxy = A1FC64B6301F94D400D96FAB /* PBXContainerItemProxy */;
		};
/* End PBXTargetDependency section */

/* Begin XCBuildConfiguration section */
		A1FC64BD301F94D400D96FAB /* Debug configuration for PBXNativeTarget "vibe game" */ = {
			isa = XCBuildConfiguration;
			buildSettings = {
				ASSETCATALOG_COMPILER_APPICON_NAME = AppIcon;
				ASSETCATALOG_COMPILER_GLOBAL_ACCENT_COLOR_NAME = AccentColor;
				CODE_SIGN_STYLE = Automatic;
				CURRENT_PROJECT_VERSION = 1;
				DEVELOPMENT_TEAM = F6LH8DK284;
				ENABLE_APP_SANDBOX = YES;
				ENABLE_HARDENED_RUNTIME = YES;
				ENABLE_PREVIEWS = YES;
				ENABLE_USER_SELECTED_FILES = readonly;
				GENERATE_INFOPLIST_FILE = YES;
				INFOPLIST_FILE = "vibe game/Info.plist";
				INFOPLIST_KEY_CFBundleDisplayName = Orbitor;
				INFOPLIST_KEY_LSApplicationCategoryType = "public.app-category.arcade-games";
				"INFOPLIST_KEY_UIApplicationSceneManifest_Generation[sdk=iphoneos*]" = YES;
				"INFOPLIST_KEY_UIApplicationSceneManifest_Generation[sdk=iphonesimulator*]" = YES;
				"INFOPLIST_KEY_UIApplicationSupportsIndirectInputEvents[sdk=iphoneos*]" = YES;
				"INFOPLIST_KEY_UIApplicationSupportsIndirectInputEvents[sdk=iphonesimulator*]" = YES;
				"INFOPLIST_KEY_UILaunchScreen_Generation[sdk=iphoneos*]" = YES;
				"INFOPLIST_KEY_UILaunchScreen_Generation[sdk=iphonesimulator*]" = YES;
				INFOPLIST_KEY_UIStatusBarHidden = YES;
				"INFOPLIST_KEY_UIStatusBarStyle[sdk=iphoneos*]" = UIStatusBarStyleDefault;
				"INFOPLIST_KEY_UIStatusBarStyle[sdk=iphonesimulator*]" = UIStatusBarStyleDefault;
				INFOPLIST_KEY_UISupportedInterfaceOrientations = UIInterfaceOrientationPortrait;
				INFOPLIST_KEY_UISupportedInterfaceOrientations_iPad = "UIInterfaceOrientationPortrait UIInterfaceOrientationPortraitUpsideDown";
				INFOPLIST_KEY_UISupportedInterfaceOrientations_iPhone = "UIInterfaceOrientationPortrait UIInterfaceOrientationLandscapeLeft UIInterfaceOrientationLandscapeRight";
				IPHONEOS_DEPLOYMENT_TARGET = 27.0;
				LD_RUNPATH_SEARCH_PATHS = "@executable_path/Frameworks";
				"LD_RUNPATH_SEARCH_PATHS[sdk=macosx*]" = "@executable_path/../Frameworks";
				MACOSX_DEPLOYMENT_TARGET = 27.0;
				MARKETING_VERSION = 1.0;
				PRODUCT_BUNDLE_IDENTIFIER = com.jasonstoops.orbitor;
				PRODUCT_NAME = Orbitor;
				REGISTER_APP_GROUPS = YES;
				SDKROOT = auto;
				STRING_CATALOG_GENERATE_SYMBOLS = YES;
				SUPPORTED_PLATFORMS = "iphoneos iphonesimulator macosx xros xrsimulator";
				SWIFT_APPROACHABLE_CONCURRENCY = YES;
				SWIFT_DEFAULT_ACTOR_ISOLATION = MainActor;
				SWIFT_EMIT_LOC_STRINGS = YES;
				SWIFT_UPCOMING_FEATURE_MEMBER_IMPORT_VISIBILITY = YES;
				SWIFT_VERSION = 5.0;
				TARGETED_DEVICE_FAMILY = "1,2,7";
				XROS_DEPLOYMENT_TARGET = 27.0;
			};
			name = Debug;
		};
		A1FC64BE301F94D400D96FAB /* Release configuration for PBXNativeTarget "vibe game" */ = {
			isa = XCBuildConfiguration;
			buildSettings = {
				ASSETCATALOG_COMPILER_APPICON_NAME = AppIcon;
				ASSETCATALOG_COMPILER_GLOBAL_ACCENT_COLOR_NAME = AccentColor;
				CODE_SIGN_STYLE = Automatic;
				CURRENT_PROJECT_VERSION = 1;
				DEVELOPMENT_TEAM = F6LH8DK284;
				ENABLE_APP_SANDBOX = YES;
				ENABLE_HARDENED_RUNTIME = YES;
				ENABLE_PREVIEWS = YES;
				ENABLE_USER_SELECTED_FILES = readonly;
				GENERATE_INFOPLIST_FILE = YES;
				INFOPLIST_FILE = "vibe game/Info.plist";
				INFOPLIST_KEY_CFBundleDisplayName = Orbitor;
				INFOPLIST_KEY_LSApplicationCategoryType = "public.app-category.arcade-games";
				"INFOPLIST_KEY_UIApplicationSceneManifest_Generation[sdk=iphoneos*]" = YES;
				"INFOPLIST_KEY_UIApplicationSceneManifest_Generation[sdk=iphonesimulator*]" = YES;
				"INFOPLIST_KEY_UIApplicationSupportsIndirectInputEvents[sdk=iphoneos*]" = YES;
				"INFOPLIST_KEY_UIApplicationSupportsIndirectInputEvents[sdk=iphonesimulator*]" = YES;
				"INFOPLIST_KEY_UILaunchScreen_Generation[sdk=iphoneos*]" = YES;
				"INFOPLIST_KEY_UILaunchScreen_Generation[sdk=iphonesimulator*]" = YES;
				INFOPLIST_KEY_UIStatusBarHidden = YES;
				"INFOPLIST_KEY_UIStatusBarStyle[sdk=iphoneos*]" = UIStatusBarStyleDefault;
				"INFOPLIST_KEY_UIStatusBarStyle[sdk=iphonesimulator*]" = UIStatusBarStyleDefault;
				INFOPLIST_KEY_UISupportedInterfaceOrientations = UIInterfaceOrientationPortrait;
				INFOPLIST_KEY_UISupportedInterfaceOrientations_iPad = "UIInterfaceOrientationPortrait UIInterfaceOrientationPortraitUpsideDown";
				INFOPLIST_KEY_UISupportedInterfaceOrientations_iPhone = "UIInterfaceOrientationPortrait UIInterfaceOrientationLandscapeLeft UIInterfaceOrientationLandscapeRight";
				IPHONEOS_DEPLOYMENT_TARGET = 27.0;
				LD_RUNPATH_SEARCH_PATHS = "@executable_path/Frameworks";
				"LD_RUNPATH_SEARCH_PATHS[sdk=macosx*]" = "@executable_path/../Frameworks";
				MACOSX_DEPLOYMENT_TARGET = 27.0;
				MARKETING_VERSION = 1.0;
				PRODUCT_BUNDLE_IDENTIFIER = com.jasonstoops.orbitor;
				PRODUCT_NAME = Orbitor;
				REGISTER_APP_GROUPS = YES;
				SDKROOT = auto;
				STRING_CATALOG_GENERATE_SYMBOLS = YES;
				SUPPORTED_PLATFORMS = "iphoneos iphonesimulator macosx xros xrsimulator";
				SWIFT_APPROACHABLE_CONCURRENCY = YES;
				SWIFT_DEFAULT_ACTOR_ISOLATION = MainActor;
				SWIFT_EMIT_LOC_STRINGS = YES;
				SWIFT_UPCOMING_FEATURE_MEMBER_IMPORT_VISIBILITY = YES;
				SWIFT_VERSION = 5.0;
				TARGETED_DEVICE_FAMILY = "1,2,7";
				XROS_DEPLOYMENT_TARGET = 27.0;
			};
			name = Release;
		};
		A1FC64BF301F94D400D96FAB /* Debug configuration for PBXProject "vibe game" */ = {
			isa = XCBuildConfiguration;
			buildSettings = {
				ALWAYS_SEARCH_USER_PATHS = NO;
				ASSETCATALOG_COMPILER_GENERATE_SWIFT_ASSET_SYMBOL_EXTENSIONS = YES;
				CLANG_ANALYZER_NONNULL = YES;
				CLANG_ANALYZER_NUMBER_OBJECT_CONVERSION = YES_AGGRESSIVE;
				CLANG_CXX_LANGUAGE_STANDARD = "gnu++20";
				CLANG_ENABLE_MODULES = YES;
				CLANG_ENABLE_OBJC_ARC = YES;
				CLANG_ENABLE_OBJC_WEAK = YES;
				CLANG_WARN_BLOCK_CAPTURE_AUTORELEASING = YES;
				CLANG_WARN_BOOL_CONVERSION = YES;
				CLANG_WARN_COMMA = YES;
				CLANG_WARN_CONSTANT_CONVERSION = YES;
				CLANG_WARN_DEPRECATED_OBJC_IMPLEMENTATIONS = YES;
				CLANG_WARN_DIRECT_OBJC_ISA_USAGE = YES_ERROR;
				CLANG_WARN_DOCUMENTATION_COMMENTS = YES;
				CLANG_WARN_EMPTY_BODY = YES;
				CLANG_WARN_ENUM_CONVERSION = YES;
				CLANG_WARN_INFINITE_RECURSION = YES;
				CLANG_WARN_INT_CONVERSION = YES;
				CLANG_WARN_NON_LITERAL_NULL_CONVERSION = YES;
				CLANG_WARN_OBJC_IMPLICIT_RETAIN_SELF = YES;
				CLANG_WARN_OBJC_LITERAL_CONVERSION = YES;
				CLANG_WARN_OBJC_ROOT_CLASS = YES_ERROR;
				CLANG_WARN_QUOTED_INCLUDE_IN_FRAMEWORK_HEADER = YES;
				CLANG_WARN_RANGE_LOOP_ANALYSIS = YES;
				CLANG_WARN_STRICT_PROTOTYPES = YES;
				CLANG_WARN_SUSPICIOUS_MOVE = YES;
				CLANG_WARN_UNGUARDED_AVAILABILITY = YES_AGGRESSIVE;
				CLANG_WARN_UNREACHABLE_CODE = YES;
				CLANG_WARN__DUPLICATE_METHOD_MATCH = YES;
				COPY_PHASE_STRIP = NO;
				DEBUG_INFORMATION_FORMAT = dwarf;
				DEVELOPMENT_TEAM = F6LH8DK284;
				ENABLE_STRICT_OBJC_MSGSEND = YES;
				ENABLE_TESTABILITY = YES;
				ENABLE_USER_SCRIPT_SANDBOXING = YES;
				GCC_C_LANGUAGE_STANDARD = gnu17;
				GCC_DYNAMIC_NO_PIC = NO;
				GCC_NO_COMMON_BLOCKS = YES;
				GCC_OPTIMIZATION_LEVEL = 0;
				GCC_PREPROCESSOR_DEFINITIONS = (
					"DEBUG=1",
					"$(inherited)",
				);
				GCC_WARN_64_TO_32_BIT_CONVERSION = YES;
				GCC_WARN_ABOUT_RETURN_TYPE = YES_ERROR;
				GCC_WARN_UNDECLARED_SELECTOR = YES;
				GCC_WARN_UNINITIALIZED_AUTOS = YES_AGGRESSIVE;
				GCC_WARN_UNUSED_FUNCTION = YES;
				GCC_WARN_UNUSED_VARIABLE = YES;
				LOCALIZATION_PREFERS_STRING_CATALOGS = YES;
				MTL_ENABLE_DEBUG_INFO = INCLUDE_SOURCE;
				MTL_FAST_MATH = YES;
				ONLY_ACTIVE_ARCH = YES;
				SWIFT_ACTIVE_COMPILATION_CONDITIONS = "DEBUG $(inherited)";
				SWIFT_OPTIMIZATION_LEVEL = "-Onone";
			};
			name = Debug;
		};
		A1FC64C0301F94D400D96FAB /* Release configuration for PBXProject "vibe game" */ = {
			isa = XCBuildConfiguration;
			buildSettings = {
				ALWAYS_SEARCH_USER_PATHS = NO;
				ASSETCATALOG_COMPILER_GENERATE_SWIFT_ASSET_SYMBOL_EXTENSIONS = YES;
				CLANG_ANALYZER_NONNULL = YES;
				CLANG_ANALYZER_NUMBER_OBJECT_CONVERSION = YES_AGGRESSIVE;
				CLANG_CXX_LANGUAGE_STANDARD = "gnu++20";
				CLANG_ENABLE_MODULES = YES;
				CLANG_ENABLE_OBJC_ARC = YES;
				CLANG_ENABLE_OBJC_WEAK = YES;
				CLANG_WARN_BLOCK_CAPTURE_AUTORELEASING = YES;
				CLANG_WARN_BOOL_CONVERSION = YES;
				CLANG_WARN_COMMA = YES;
				CLANG_WARN_CONSTANT_CONVERSION = YES;
				CLANG_WARN_DEPRECATED_OBJC_IMPLEMENTATIONS = YES;
				CLANG_WARN_DIRECT_OBJC_ISA_USAGE = YES_ERROR;
				CLANG_WARN_DOCUMENTATION_COMMENTS = YES;
				CLANG_WARN_EMPTY_BODY = YES;
				CLANG_WARN_ENUM_CONVERSION = YES;
				CLANG_WARN_INFINITE_RECURSION = YES;
				CLANG_WARN_INT_CONVERSION = YES;
				CLANG_WARN_NON_LITERAL_NULL_CONVERSION = YES;
				CLANG_WARN_OBJC_IMPLICIT_RETAIN_SELF = YES;
				CLANG_WARN_OBJC_LITERAL_CONVERSION = YES;
				CLANG_WARN_OBJC_ROOT_CLASS = YES_ERROR;
				CLANG_WARN_QUOTED_INCLUDE_IN_FRAMEWORK_HEADER = YES;
				CLANG_WARN_RANGE_LOOP_ANALYSIS = YES;
				CLANG_WARN_STRICT_PROTOTYPES = YES;
				CLANG_WARN_SUSPICIOUS_MOVE = YES;
				CLANG_WARN_UNGUARDED_AVAILABILITY = YES_AGGRESSIVE;
				CLANG_WARN_UNREACHABLE_CODE = YES;
				CLANG_WARN__DUPLICATE_METHOD_MATCH = YES;
				COPY_PHASE_STRIP = NO;
				DEBUG_INFORMATION_FORMAT = "dwarf-with-dsym";
				DEVELOPMENT_TEAM = F6LH8DK284;
				ENABLE_NS_ASSERTIONS = NO;
				ENABLE_STRICT_OBJC_MSGSEND = YES;
				ENABLE_USER_SCRIPT_SANDBOXING = YES;
				GCC_C_LANGUAGE_STANDARD = gnu17;
				GCC_NO_COMMON_BLOCKS = YES;
				GCC_WARN_64_TO_32_BIT_CONVERSION = YES;
				GCC_WARN_ABOUT_RETURN_TYPE = YES_ERROR;
				GCC_WARN_UNDECLARED_SELECTOR = YES;
				GCC_WARN_UNINITIALIZED_AUTOS = YES_AGGRESSIVE;
				GCC_WARN_UNUSED_FUNCTION = YES;
				GCC_WARN_UNUSED_VARIABLE = YES;
				LOCALIZATION_PREFERS_STRING_CATALOGS = YES;
				MTL_ENABLE_DEBUG_INFO = NO;
				MTL_FAST_MATH = YES;
				SWIFT_COMPILATION_MODE = wholemodule;
			};
			name = Release;
		};
		A1FC64C2301F94D400D96FAB /* Debug configuration for PBXNativeTarget "vibe gameTests" */ = {
			isa = XCBuildConfiguration;
			buildSettings = {
				BUNDLE_LOADER = "$(TEST_HOST)";
				CODE_SIGN_STYLE = Automatic;
				CURRENT_PROJECT_VERSION = 1;
				DEVELOPMENT_TEAM = F6LH8DK284;
				GENERATE_INFOPLIST_FILE = YES;
				IPHONEOS_DEPLOYMENT_TARGET = 27.0;
				MACOSX_DEPLOYMENT_TARGET = 27.0;
				MARKETING_VERSION = 1.0;
				PRODUCT_BUNDLE_IDENTIFIER = "-.vibe-gameTests";
				PRODUCT_NAME = "$(TARGET_NAME)";
				SDKROOT = auto;
				STRING_CATALOG_GENERATE_SYMBOLS = NO;
				SUPPORTED_PLATFORMS = "iphoneos iphonesimulator macosx xros xrsimulator";
				SWIFT_APPROACHABLE_CONCURRENCY = YES;
				SWIFT_EMIT_LOC_STRINGS = NO;
				SWIFT_UPCOMING_FEATURE_MEMBER_IMPORT_VISIBILITY = YES;
				SWIFT_VERSION = 5.0;
				TARGETED_DEVICE_FAMILY = "1,2,7";
				TEST_HOST = "$(BUILT_PRODUCTS_DIR)/vibe game.app/$(BUNDLE_EXECUTABLE_FOLDER_PATH)/vibe game";
				XROS_DEPLOYMENT_TARGET = 27.0;
			};
			name = Debug;
		};
		A1FC64C3301F94D400D96FAB /* Release configuration for PBXNativeTarget "vibe gameTests" */ = {
			isa = XCBuildConfiguration;
			buildSettings = {
				BUNDLE_LOADER = "$(TEST_HOST)";
				CODE_SIGN_STYLE = Automatic;
				CURRENT_PROJECT_VERSION = 1;
				DEVELOPMENT_TEAM = F6LH8DK284;
				GENERATE_INFOPLIST_FILE = YES;
				IPHONEOS_DEPLOYMENT_TARGET = 27.0;
				MACOSX_DEPLOYMENT_TARGET = 27.0;
				MARKETING_VERSION = 1.0;
				PRODUCT_BUNDLE_IDENTIFIER = "-.vibe-gameTests";
				PRODUCT_NAME = "$(TARGET_NAME)";
				SDKROOT = auto;
				STRING_CATALOG_GENERATE_SYMBOLS = NO;
				SUPPORTED_PLATFORMS = "iphoneos iphonesimulator macosx xros xrsimulator";
				SWIFT_APPROACHABLE_CONCURRENCY = YES;
				SWIFT_EMIT_LOC_STRINGS = NO;
				SWIFT_UPCOMING_FEATURE_MEMBER_IMPORT_VISIBILITY = YES;
				SWIFT_VERSION = 5.0;
				TARGETED_DEVICE_FAMILY = "1,2,7";
				TEST_HOST = "$(BUILT_PRODUCTS_DIR)/vibe game.app/$(BUNDLE_EXECUTABLE_FOLDER_PATH)/vibe game";
				XROS_DEPLOYMENT_TARGET = 27.0;
			};
			name = Release;
		};
		A1FC64C5301F94D400D96FAB /* Debug configuration for PBXNativeTarget "vibe gameUITests" */ = {
			isa = XCBuildConfiguration;
			buildSettings = {
				CODE_SIGN_STYLE = Automatic;
				CURRENT_PROJECT_VERSION = 1;
				DEVELOPMENT_TEAM = F6LH8DK284;
				GENERATE_INFOPLIST_FILE = YES;
				IPHONEOS_DEPLOYMENT_TARGET = 27.0;
				MACOSX_DEPLOYMENT_TARGET = 27.0;
				MARKETING_VERSION = 1.0;
				PRODUCT_BUNDLE_IDENTIFIER = "-.vibe-gameUITests";
				PRODUCT_NAME = "$(TARGET_NAME)";
				SDKROOT = auto;
				STRING_CATALOG_GENERATE_SYMBOLS = NO;
				SUPPORTED_PLATFORMS = "iphoneos iphonesimulator macosx xros xrsimulator";
				SWIFT_APPROACHABLE_CONCURRENCY = YES;
				SWIFT_EMIT_LOC_STRINGS = NO;
				SWIFT_UPCOMING_FEATURE_MEMBER_IMPORT_VISIBILITY = YES;
				SWIFT_VERSION = 5.0;
				TARGETED_DEVICE_FAMILY = "1,2,7";
				TEST_TARGET_NAME = "vibe game";
				XROS_DEPLOYMENT_TARGET = 27.0;
			};
			name = Debug;
		};
		A1FC64C6301F94D400D96FAB /* Release configuration for PBXNativeTarget "vibe gameUITests" */ = {
			isa = XCBuildConfiguration;
			buildSettings = {
				CODE_SIGN_STYLE = Automatic;
				CURRENT_PROJECT_VERSION = 1;
				DEVELOPMENT_TEAM = F6LH8DK284;
				GENERATE_INFOPLIST_FILE = YES;
				IPHONEOS_DEPLOYMENT_TARGET = 27.0;
				MACOSX_DEPLOYMENT_TARGET = 27.0;
				MARKETING_VERSION = 1.0;
				PRODUCT_BUNDLE_IDENTIFIER = "-.vibe-gameUITests";
				PRODUCT_NAME = "$(TARGET_NAME)";
				SDKROOT = auto;
				STRING_CATALOG_GENERATE_SYMBOLS = NO;
				SUPPORTED_PLATFORMS = "iphoneos iphonesimulator macosx xros xrsimulator";
				SWIFT_APPROACHABLE_CONCURRENCY = YES;
				SWIFT_EMIT_LOC_STRINGS = NO;
				SWIFT_UPCOMING_FEATURE_MEMBER_IMPORT_VISIBILITY = YES;
				SWIFT_VERSION = 5.0;
				TARGETED_DEVICE_FAMILY = "1,2,7";
				TEST_TARGET_NAME = "vibe game";
				XROS_DEPLOYMENT_TARGET = 27.0;
			};
			name = Release;
		};
/* End XCBuildConfiguration section */

/* Begin XCConfigurationList section */
		A1FC6495301F94D300D96FAB /* Build configuration list for PBXProject "vibe game" */ = {
			isa = XCConfigurationList;
			buildConfigurations = (
				A1FC64BF301F94D400D96FAB /* Debug configuration for PBXProject "vibe game" */,
				A1FC64C0301F94D400D96FAB /* Release configuration for PBXProject "vibe game" */,
			);
			defaultConfigurationName = Release;
		};
		A1FC64BC301F94D400D96FAB /* Build configuration list for PBXNativeTarget "vibe game" */ = {
			isa = XCConfigurationList;
			buildConfigurations = (
				A1FC64BD301F94D400D96FAB /* Debug configuration for PBXNativeTarget "vibe game" */,
				A1FC64BE301F94D400D96FAB /* Release configuration for PBXNativeTarget "vibe game" */,
			);
			defaultConfigurationName = Release;
		};
		A1FC64C1301F94D400D96FAB /* Build configuration list for PBXNativeTarget "vibe gameTests" */ = {
			isa = XCConfigurationList;
			buildConfigurations = (
				A1FC64C2301F94D400D96FAB /* Debug configuration for PBXNativeTarget "vibe gameTests" */,
				A1FC64C3301F94D400D96FAB /* Release configuration for PBXNativeTarget "vibe gameTests" */,
			);
			defaultConfigurationName = Release;
		};
		A1FC64C4301F94D400D96FAB /* Build configuration list for PBXNativeTarget "vibe gameUITests" */ = {
			isa = XCConfigurationList;
			buildConfigurations = (
				A1FC64C5301F94D400D96FAB /* Debug configuration for PBXNativeTarget "vibe gameUITests" */,
				A1FC64C6301F94D400D96FAB /* Release configuration for PBXNativeTarget "vibe gameUITests" */,
			);
			defaultConfigurationName = Release;
		};
/* End XCConfigurationList section */
	};
	rootObject = A1FC6492301F94D300D96FAB /* Project object */;
	validationLevel = 1;
}
